// !$*UTF8*$!
{
	archiveVersion = 1;
	classes = {
	};
	objectVersion = 55;
	objects = {

/* Begin PBXBuildFile section */
		52B63F61288A539E00613D33 /* AppDelegate.swift in Sources */ = {isa = PBXBuildFile; fileRef = 52B63F60288A539E00613D33 /* AppDelegate.swift */; };
		52B63F63288A539E00613D33 /* SceneDelegate.swift in Sources */ = {isa = PBXBuildFile; fileRef = 52B63F62288A539E00613D33 /* SceneDelegate.swift */; };
		52B63F6A288A53A400613D33 /* Assets.xcassets in Resources */ = {isa = PBXBuildFile; fileRef = 52B63F69288A53A400613D33 /* Assets.xcassets */; };
		52B63F6D288A53A400613D33 /* LaunchScreen.storyboard in Resources */ = {isa = PBXBuildFile; fileRef = 52B63F6B288A53A400613D33 /* LaunchScreen.storyboard */; };
		52B63F75288A540500613D33 /* PasswordFeedViewController.swift in Sources */ = {isa = PBXBuildFile; fileRef = 52B63F74288A540500613D33 /* PasswordFeedViewController.swift */; };
		52B63F77288A71CF00613D33 /* PasswordFeedView.swift in Sources */ = {isa = PBXBuildFile; fileRef = 52B63F76288A71CF00613D33 /* PasswordFeedView.swift */; };
		52B63F79288BDC1100613D33 /* AccountInfoCell.swift in Sources */ = {isa = PBXBuildFile; fileRef = 52B63F78288BDC1000613D33 /* AccountInfoCell.swift */; };
		52B63F7B288BDCA700613D33 /* AccountCellViewModel.swift in Sources */ = {isa = PBXBuildFile; fileRef = 52B63F7A288BDCA700613D33 /* AccountCellViewModel.swift */; };
		52B63F82288D34B100613D33 /* AccountDetailView.swift in Sources */ = {isa = PBXBuildFile; fileRef = 52B63F81288D34B100613D33 /* AccountDetailView.swift */; };
		52B63F84288E37BF00613D33 /* FieldInfoCell.swift in Sources */ = {isa = PBXBuildFile; fileRef = 52B63F83288E37BE00613D33 /* FieldInfoCell.swift */; };
		52B63F86288E382500613D33 /* FieldInfoCellViewModel.swift in Sources */ = {isa = PBXBuildFile; fileRef = 52B63F85288E382500613D33 /* FieldInfoCellViewModel.swift */; };
		52B63F88288E3BE400613D33 /* ColorConstants.swift in Sources */ = {isa = PBXBuildFile; fileRef = 52B63F87288E3BE400613D33 /* ColorConstants.swift */; };
		52B63F8B288E3C5D00613D33 /* FontConstants.swift in Sources */ = {isa = PBXBuildFile; fileRef = 52B63F8A288E3C5D00613D33 /* FontConstants.swift */; };
		52B63F8E288E480600613D33 /* CellHelpers.swift in Sources */ = {isa = PBXBuildFile; fileRef = 52B63F8D288E480600613D33 /* CellHelpers.swift */; };
		52B63F90288E53BF00613D33 /* AccountDetailViewModel.swift in Sources */ = {isa = PBXBuildFile; fileRef = 52B63F8F288E53BF00613D33 /* AccountDetailViewModel.swift */; };
		52B63F92288E719300613D33 /* AccountDetailViewController.swift in Sources */ = {isa = PBXBuildFile; fileRef = 52B63F91288E719200613D33 /* AccountDetailViewController.swift */; };
		52B63F95288F72CB00613D33 /* UIViewExtensions.swift in Sources */ = {isa = PBXBuildFile; fileRef = 52B63F94288F72CA00613D33 /* UIViewExtensions.swift */; };
		52D78E49289BA054005AE462 /* AlertView.swift in Sources */ = {isa = PBXBuildFile; fileRef = 52D78E48289BA054005AE462 /* AlertView.swift */; };
		52D78E4B289DDF3F005AE462 /* AddAccountView.swift in Sources */ = {isa = PBXBuildFile; fileRef = 52D78E4A289DDF3E005AE462 /* AddAccountView.swift */; };
		52D78E4D289DE308005AE462 /* EditableNewFieldCell.swift in Sources */ = {isa = PBXBuildFile; fileRef = 52D78E4C289DE308005AE462 /* EditableNewFieldCell.swift */; };
		52D78E4F289DF9C7005AE462 /* AddAccountViewController.swift in Sources */ = {isa = PBXBuildFile; fileRef = 52D78E4E289DF9C7005AE462 /* AddAccountViewController.swift */; };
		52D78E51289E05F3005AE462 /* FieldModel.swift in Sources */ = {isa = PBXBuildFile; fileRef = 52D78E50289E05F3005AE462 /* FieldModel.swift */; };
		52D78E5428A63352005AE462 /* AccountTitleCell.swift in Sources */ = {isa = PBXBuildFile; fileRef = 52D78E5328A63352005AE462 /* AccountTitleCell.swift */; };
		52D78E5628A636B6005AE462 /* FieldValueProtocol.swift in Sources */ = {isa = PBXBuildFile; fileRef = 52D78E5528A636B6005AE462 /* FieldValueProtocol.swift */; };
		52D78E5828A63984005AE462 /* AccountImageSelectorCell.swift in Sources */ = {isa = PBXBuildFile; fileRef = 52D78E5728A63984005AE462 /* AccountImageSelectorCell.swift */; };
/* End PBXBuildFile section */

/* Begin PBXFileReference section */
		52B63F5D288A539E00613D33 /* Keys.app */ = {isa = PBXFileReference; explicitFileType = wrapper.application; includeInIndex = 0; path = Keys.app; sourceTree = BUILT_PRODUCTS_DIR; };
		52B63F60288A539E00613D33 /* AppDelegate.swift */ = {isa = PBXFileReference; lastKnownFileType = sourcecode.swift; path = AppDelegate.swift; sourceTree = "<group>"; };
		52B63F62288A539E00613D33 /* SceneDelegate.swift */ = {isa = PBXFileReference; lastKnownFileType = sourcecode.swift; path = SceneDelegate.swift; sourceTree = "<group>"; };
		52B63F69288A53A400613D33 /* Assets.xcassets */ = {isa = PBXFileReference; lastKnownFileType = folder.assetcatalog; path = Assets.xcassets; sourceTree = "<group>"; };
		52B63F6C288A53A400613D33 /* Base */ = {isa = PBXFileReference; lastKnownFileType = file.storyboard; name = Base; path = Base.lproj/LaunchScreen.storyboard; sourceTree = "<group>"; };
		52B63F6E288A53A400613D33 /* Info.plist */ = {isa = PBXFileReference; lastKnownFileType = text.plist.xml; path = Info.plist; sourceTree = "<group>"; };
		52B63F74288A540500613D33 /* PasswordFeedViewController.swift */ = {isa = PBXFileReference; lastKnownFileType = sourcecode.swift; path = PasswordFeedViewController.swift; sourceTree = "<group>"; };
		52B63F76288A71CF00613D33 /* PasswordFeedView.swift */ = {isa = PBXFileReference; lastKnownFileType = sourcecode.swift; path = PasswordFeedView.swift; sourceTree = "<group>"; };
		52B63F78288BDC1000613D33 /* AccountInfoCell.swift */ = {isa = PBXFileReference; lastKnownFileType = sourcecode.swift; path = AccountInfoCell.swift; sourceTree = "<group>"; };
		52B63F7A288BDCA700613D33 /* AccountCellViewModel.swift */ = {isa = PBXFileReference; lastKnownFileType = sourcecode.swift; path = AccountCellViewModel.swift; sourceTree = "<group>"; };
		52B63F81288D34B100613D33 /* AccountDetailView.swift */ = {isa = PBXFileReference; lastKnownFileType = sourcecode.swift; path = AccountDetailView.swift; sourceTree = "<group>"; };
		52B63F83288E37BE00613D33 /* FieldInfoCell.swift */ = {isa = PBXFileReference; lastKnownFileType = sourcecode.swift; path = FieldInfoCell.swift; sourceTree = "<group>"; };
		52B63F85288E382500613D33 /* FieldInfoCellViewModel.swift */ = {isa = PBXFileReference; lastKnownFileType = sourcecode.swift; path = FieldInfoCellViewModel.swift; sourceTree = "<group>"; };
		52B63F87288E3BE400613D33 /* ColorConstants.swift */ = {isa = PBXFileReference; lastKnownFileType = sourcecode.swift; path = ColorConstants.swift; sourceTree = "<group>"; };
		52B63F8A288E3C5D00613D33 /* FontConstants.swift */ = {isa = PBXFileReference; lastKnownFileType = sourcecode.swift; path = FontConstants.swift; sourceTree = "<group>"; };
		52B63F8D288E480600613D33 /* CellHelpers.swift */ = {isa = PBXFileReference; lastKnownFileType = sourcecode.swift; path = CellHelpers.swift; sourceTree = "<group>"; };
		52B63F8F288E53BF00613D33 /* AccountDetailViewModel.swift */ = {isa = PBXFileReference; lastKnownFileType = sourcecode.swift; path = AccountDetailViewModel.swift; sourceTree = "<group>"; };
		52B63F91288E719200613D33 /* AccountDetailViewController.swift */ = {isa = PBXFileReference; lastKnownFileType = sourcecode.swift; path = AccountDetailViewController.swift; sourceTree = "<group>"; };
		52B63F94288F72CA00613D33 /* UIViewExtensions.swift */ = {isa = PBXFileReference; lastKnownFileType = sourcecode.swift; path = UIViewExtensions.swift; sourceTree = "<group>"; };
		52D78E48289BA054005AE462 /* AlertView.swift */ = {isa = PBXFileReference; lastKnownFileType = sourcecode.swift; path = AlertView.swift; sourceTree = "<group>"; };
		52D78E4A289DDF3E005AE462 /* AddAccountView.swift */ = {isa = PBXFileReference; lastKnownFileType = sourcecode.swift; path = AddAccountView.swift; sourceTree = "<group>"; };
		52D78E4C289DE308005AE462 /* EditableNewFieldCell.swift */ = {isa = PBXFileReference; lastKnownFileType = sourcecode.swift; path = EditableNewFieldCell.swift; sourceTree = "<group>"; };
		52D78E4E289DF9C7005AE462 /* AddAccountViewController.swift */ = {isa = PBXFileReference; lastKnownFileType = sourcecode.swift; path = AddAccountViewController.swift; sourceTree = "<group>"; };
		52D78E50289E05F3005AE462 /* FieldModel.swift */ = {isa = PBXFileReference; lastKnownFileType = sourcecode.swift; path = FieldModel.swift; sourceTree = "<group>"; };
		52D78E5328A63352005AE462 /* AccountTitleCell.swift */ = {isa = PBXFileReference; lastKnownFileType = sourcecode.swift; path = AccountTitleCell.swift; sourceTree = "<group>"; };
		52D78E5528A636B6005AE462 /* FieldValueProtocol.swift */ = {isa = PBXFileReference; lastKnownFileType = sourcecode.swift; path = FieldValueProtocol.swift; sourceTree = "<group>"; };
		52D78E5728A63984005AE462 /* AccountImageSelectorCell.swift */ = {isa = PBXFileReference; lastKnownFileType = sourcecode.swift; path = AccountImageSelectorCell.swift; sourceTree = "<group>"; };
/* End PBXFileReference section */

/* Begin PBXFrameworksBuildPhase section */
		52B63F5A288A539E00613D33 /* Frameworks */ = {
			isa = PBXFrameworksBuildPhase;
			buildActionMask = 2147483647;
			files = (
			);
			runOnlyForDeploymentPostprocessing = 0;
		};
/* End PBXFrameworksBuildPhase section */

/* Begin PBXGroup section */
		52B63F54288A539D00613D33 = {
			isa = PBXGroup;
			children = (
				52B63F5F288A539E00613D33 /* Keys */,
				52B63F5E288A539E00613D33 /* Products */,
			);
			sourceTree = "<group>";
		};
		52B63F5E288A539E00613D33 /* Products */ = {
			isa = PBXGroup;
			children = (
				52B63F5D288A539E00613D33 /* Keys.app */,
			);
			name = Products;
			sourceTree = "<group>";
		};
		52B63F5F288A539E00613D33 /* Keys */ = {
			isa = PBXGroup;
			children = (
				52B63F93288F72A800613D33 /* Extensions */,
				52B63F80288C8A6600613D33 /* Views */,
				52B63F7F288C8A5600613D33 /* Cells */,
				52B63F7E288C8A4900613D33 /* ViewModels */,
				52B63F7C288C8A1400613D33 /* ViewControllers */,
				52B63F7D288C8A2800613D33 /* Delegates */,
				52B63F89288E3BED00613D33 /* Constants */,
				52B63F69288A53A400613D33 /* Assets.xcassets */,
				52B63F6B288A53A400613D33 /* LaunchScreen.storyboard */,
				52B63F6E288A53A400613D33 /* Info.plist */,
			);
			path = Keys;
			sourceTree = "<group>";
		};
		52B63F7C288C8A1400613D33 /* ViewControllers */ = {
			isa = PBXGroup;
			children = (
				52B63F74288A540500613D33 /* PasswordFeedViewController.swift */,
				52B63F91288E719200613D33 /* AccountDetailViewController.swift */,
				52D78E4E289DF9C7005AE462 /* AddAccountViewController.swift */,
			);
			path = ViewControllers;
			sourceTree = "<group>";
		};
		52B63F7D288C8A2800613D33 /* Delegates */ = {
			isa = PBXGroup;
			children = (
				52B63F60288A539E00613D33 /* AppDelegate.swift */,
				52B63F62288A539E00613D33 /* SceneDelegate.swift */,
			);
			path = Delegates;
			sourceTree = "<group>";
		};
		52B63F7E288C8A4900613D33 /* ViewModels */ = {
			isa = PBXGroup;
			children = (
				52B63F7A288BDCA700613D33 /* AccountCellViewModel.swift */,
				52B63F85288E382500613D33 /* FieldInfoCellViewModel.swift */,
				52B63F8F288E53BF00613D33 /* AccountDetailViewModel.swift */,
				52D78E50289E05F3005AE462 /* FieldModel.swift */,
			);
			path = ViewModels;
			sourceTree = "<group>";
		};
		52B63F7F288C8A5600613D33 /* Cells */ = {
			isa = PBXGroup;
			children = (
				52D78E5228A63182005AE462 /* AddAccountCreationViewCells */,
				52B63F8C288E47ED00613D33 /* Helpers */,
				52B63F78288BDC1000613D33 /* AccountInfoCell.swift */,
				52B63F83288E37BE00613D33 /* FieldInfoCell.swift */,
			);
			path = Cells;
			sourceTree = "<group>";
		};
		52B63F80288C8A6600613D33 /* Views */ = {
			isa = PBXGroup;
			children = (
				52B63F76288A71CF00613D33 /* PasswordFeedView.swift */,
				52B63F81288D34B100613D33 /* AccountDetailView.swift */,
				52D78E48289BA054005AE462 /* AlertView.swift */,
				52D78E4A289DDF3E005AE462 /* AddAccountView.swift */,
			);
			path = Views;
			sourceTree = "<group>";
		};
		52B63F89288E3BED00613D33 /* Constants */ = {
			isa = PBXGroup;
			children = (
				52B63F87288E3BE400613D33 /* ColorConstants.swift */,
				52B63F8A288E3C5D00613D33 /* FontConstants.swift */,
			);
			path = Constants;
			sourceTree = "<group>";
		};
		52B63F8C288E47ED00613D33 /* Helpers */ = {
			isa = PBXGroup;
			children = (
				52B63F8D288E480600613D33 /* CellHelpers.swift */,
			);
			path = Helpers;
			sourceTree = "<group>";
		};
		52B63F93288F72A800613D33 /* Extensions */ = {
			isa = PBXGroup;
			children = (
				52B63F94288F72CA00613D33 /* UIViewExtensions.swift */,
			);
			path = Extensions;
			sourceTree = "<group>";
		};
		52D78E5228A63182005AE462 /* AddAccountCreationViewCells */ = {
			isa = PBXGroup;
			children = (
				52D78E4C289DE308005AE462 /* EditableNewFieldCell.swift */,
				52D78E5328A63352005AE462 /* AccountTitleCell.swift */,
				52D78E5528A636B6005AE462 /* FieldValueProtocol.swift */,
				52D78E5728A63984005AE462 /* AccountImageSelectorCell.swift */,
			);
			path = AddAccountCreationViewCells;
			sourceTree = "<group>";
		};
/* End PBXGroup section */

/* Begin PBXNativeTarget section */
		52B63F5C288A539E00613D33 /* Keys */ = {
			isa = PBXNativeTarget;
			buildConfigurationList = 52B63F71288A53A400613D33 /* Build configuration list for PBXNativeTarget "Keys" */;
			buildPhases = (
				52B63F59288A539E00613D33 /* Sources */,
				52B63F5A288A539E00613D33 /* Frameworks */,
				52B63F5B288A539E00613D33 /* Resources */,
			);
			buildRules = (
			);
			dependencies = (
			);
			name = Keys;
			productName = Keys;
			productReference = 52B63F5D288A539E00613D33 /* Keys.app */;
			productType = "com.apple.product-type.application";
		};
/* End PBXNativeTarget section */

/* Begin PBXProject section */
		52B63F55288A539D00613D33 /* Project object */ = {
			isa = PBXProject;
			attributes = {
				BuildIndependentTargetsInParallel = 1;
				LastSwiftUpdateCheck = 1320;
				LastUpgradeCheck = 1320;
				TargetAttributes = {
					52B63F5C288A539E00613D33 = {
						CreatedOnToolsVersion = 13.2.1;
					};
				};
			};
			buildConfigurationList = 52B63F58288A539D00613D33 /* Build configuration list for PBXProject "Keys" */;
			compatibilityVersion = "Xcode 13.0";
			developmentRegion = en;
			hasScannedForEncodings = 0;
			knownRegions = (
				en,
				Base,
			);
			mainGroup = 52B63F54288A539D00613D33;
			productRefGroup = 52B63F5E288A539E00613D33 /* Products */;
			projectDirPath = "";
			projectRoot = "";
			targets = (
				52B63F5C288A539E00613D33 /* Keys */,
			);
		};
/* End PBXProject section */

/* Begin PBXResourcesBuildPhase section */
		52B63F5B288A539E00613D33 /* Resources */ = {
			isa = PBXResourcesBuildPhase;
			buildActionMask = 2147483647;
			files = (
				52B63F6D288A53A400613D33 /* LaunchScreen.storyboard in Resources */,
				52B63F6A288A53A400613D33 /* Assets.xcassets in Resources */,
			);
			runOnlyForDeploymentPostprocessing = 0;
		};
/* End PBXResourcesBuildPhase section */

/* Begin PBXSourcesBuildPhase section */
		52B63F59288A539E00613D33 /* Sources */ = {
			isa = PBXSourcesBuildPhase;
			buildActionMask = 2147483647;
			files = (
				52D78E5628A636B6005AE462 /* FieldValueProtocol.swift in Sources */,
				52B63F90288E53BF00613D33 /* AccountDetailViewModel.swift in Sources */,
				52D78E5428A63352005AE462 /* AccountTitleCell.swift in Sources */,
				52D78E4D289DE308005AE462 /* EditableNewFieldCell.swift in Sources */,
				52B63F95288F72CB00613D33 /* UIViewExtensions.swift in Sources */,
				52B63F7B288BDCA700613D33 /* AccountCellViewModel.swift in Sources */,
				52D78E5828A63984005AE462 /* AccountImageSelectorCell.swift in Sources */,
				52B63F8B288E3C5D00613D33 /* FontConstants.swift in Sources */,
				52B63F61288A539E00613D33 /* AppDelegate.swift in Sources */,
				52B63F63288A539E00613D33 /* SceneDelegate.swift in Sources */,
				52B63F88288E3BE400613D33 /* ColorConstants.swift in Sources */,
				52D78E4B289DDF3F005AE462 /* AddAccountView.swift in Sources */,
				52B63F75288A540500613D33 /* PasswordFeedViewController.swift in Sources */,
				52B63F92288E719300613D33 /* AccountDetailViewController.swift in Sources */,
				52B63F82288D34B100613D33 /* AccountDetailView.swift in Sources */,
				52D78E51289E05F3005AE462 /* FieldModel.swift in Sources */,
				52B63F8E288E480600613D33 /* CellHelpers.swift in Sources */,
				52B63F79288BDC1100613D33 /* AccountInfoCell.swift in Sources */,
				52B63F84288E37BF00613D33 /* FieldInfoCell.swift in Sources */,
				52D78E49289BA054005AE462 /* AlertView.swift in Sources */,
				52B63F77288A71CF00613D33 /* PasswordFeedView.swift in Sources */,
				52D78E4F289DF9C7005AE462 /* AddAccountViewController.swift in Sources */,
				52B63F86288E382500613D33 /* FieldInfoCellViewModel.swift in Sources */,
			);
			runOnlyForDeploymentPostprocessing = 0;
		};
/* End PBXSourcesBuildPhase section */

/* Begin PBXVariantGroup section */
		52B63F6B288A53A400613D33 /* LaunchScreen.storyboard */ = {
			isa = PBXVariantGroup;
			children = (
				52B63F6C288A53A400613D33 /* Base */,
			);
			name = LaunchScreen.storyboard;
			sourceTree = "<group>";
		};
/* End PBXVariantGroup section */

/* Begin XCBuildConfiguration section */
		52B63F6F288A53A400613D33 /* Debug */ = {
			isa = XCBuildConfiguration;
			buildSettings = {
				ALWAYS_SEARCH_USER_PATHS = NO;
				CLANG_ANALYZER_NONNULL = YES;
				CLANG_ANALYZER_NUMBER_OBJECT_CONVERSION = YES_AGGRESSIVE;
				CLANG_CXX_LANGUAGE_STANDARD = "gnu++17";
				CLANG_CXX_LIBRARY = "libc++";
				CLANG_ENABLE_MODULES = YES;
				CLANG_ENABLE_OBJC_ARC = YES;
				CLANG_ENABLE_OBJC_WEAK = YES;
				CLANG_WARN_BLOCK_CAPTURE_AUTORELEASING = YES;
				CLANG_WARN_BOOL_CONVERSION = YES;
				CLANG_WARN_COMMA = YES;
				CLANG_WARN_CONSTANT_CONVERSION = YES;
				CLANG_WARN_DEPRECATED_OBJC_IMPLEMENTATIONS = YES;
				CLANG_WARN_DIRECT_OBJC_ISA_USAGE = YES_ERROR;
				CLANG_WARN_DOCUMENTATION_COMMENTS = YES;
				CLANG_WARN_EMPTY_BODY = YES;
				CLANG_WARN_ENUM_CONVERSION = YES;
				CLANG_WARN_INFINITE_RECURSION = YES;
				CLANG_WARN_INT_CONVERSION = YES;
				CLANG_WARN_NON_LITERAL_NULL_CONVERSION = YES;
				CLANG_WARN_OBJC_IMPLICIT_RETAIN_SELF = YES;
				CLANG_WARN_OBJC_LITERAL_CONVERSION = YES;
				CLANG_WARN_OBJC_ROOT_CLASS = YES_ERROR;
				CLANG_WARN_QUOTED_INCLUDE_IN_FRAMEWORK_HEADER = YES;
				CLANG_WARN_RANGE_LOOP_ANALYSIS = YES;
				CLANG_WARN_STRICT_PROTOTYPES = YES;
				CLANG_WARN_SUSPICIOUS_MOVE = YES;
				CLANG_WARN_UNGUARDED_AVAILABILITY = YES_AGGRESSIVE;
				CLANG_WARN_UNREACHABLE_CODE = YES;
				CLANG_WARN__DUPLICATE_METHOD_MATCH = YES;
				COPY_PHASE_STRIP = NO;
				DEBUG_INFORMATION_FORMAT = dwarf;
				ENABLE_STRICT_OBJC_MSGSEND = YES;
				ENABLE_TESTABILITY = YES;
				GCC_C_LANGUAGE_STANDARD = gnu11;
				GCC_DYNAMIC_NO_PIC = NO;
				GCC_NO_COMMON_BLOCKS = YES;
				GCC_OPTIMIZATION_LEVEL = 0;
				GCC_PREPROCESSOR_DEFINITIONS = (
					"DEBUG=1",
					"$(inherited)",
				);
				GCC_WARN_64_TO_32_BIT_CONVERSION = YES;
				GCC_WARN_ABOUT_RETURN_TYPE = YES_ERROR;
				GCC_WARN_UNDECLARED_SELECTOR = YES;
				GCC_WARN_UNINITIALIZED_AUTOS = YES_AGGRESSIVE;
				GCC_WARN_UNUSED_FUNCTION = YES;
				GCC_WARN_UNUSED_VARIABLE = YES;
				IPHONEOS_DEPLOYMENT_TARGET = 15.2;
				MTL_ENABLE_DEBUG_INFO = INCLUDE_SOURCE;
				MTL_FAST_MATH = YES;
				ONLY_ACTIVE_ARCH = YES;
				SDKROOT = iphoneos;
				SWIFT_ACTIVE_COMPILATION_CONDITIONS = DEBUG;
				SWIFT_OPTIMIZATION_LEVEL = "-Onone";
			};
			name = Debug;
		};
		52B63F70288A53A400613D33 /* Release */ = {
			isa = XCBuildConfiguration;
			buildSettings = {
				ALWAYS_SEARCH_USER_PATHS = NO;
				CLANG_ANALYZER_NONNULL = YES;
				CLANG_ANALYZER_NUMBER_OBJECT_CONVERSION = YES_AGGRESSIVE;
				CLANG_CXX_LANGUAGE_STANDARD = "gnu++17";
				CLANG_CXX_LIBRARY = "libc++";
				CLANG_ENABLE_MODULES = YES;
				CLANG_ENABLE_OBJC_ARC = YES;
				CLANG_ENABLE_OBJC_WEAK = YES;
				CLANG_WARN_BLOCK_CAPTURE_AUTORELEASING = YES;
				CLANG_WARN_BOOL_CONVERSION = YES;
				CLANG_WARN_COMMA = YES;
				CLANG_WARN_CONSTANT_CONVERSION = YES;
				CLANG_WARN_DEPRECATED_OBJC_IMPLEMENTATIONS = YES;
				CLANG_WARN_DIRECT_OBJC_ISA_USAGE = YES_ERROR;
				CLANG_WARN_DOCUMENTATION_COMMENTS = YES;
				CLANG_WARN_EMPTY_BODY = YES;
				CLANG_WARN_ENUM_CONVERSION = YES;
				CLANG_WARN_INFINITE_RECURSION = YES;
				CLANG_WARN_INT_CONVERSION = YES;
				CLANG_WARN_NON_LITERAL_NULL_CONVERSION = YES;
				CLANG_WARN_OBJC_IMPLICIT_RETAIN_SELF = YES;
				CLANG_WARN_OBJC_LITERAL_CONVERSION = YES;
				CLANG_WARN_OBJC_ROOT_CLASS = YES_ERROR;
				CLANG_WARN_QUOTED_INCLUDE_IN_FRAMEWORK_HEADER = YES;
				CLANG_WARN_RANGE_LOOP_ANALYSIS = YES;
				CLANG_WARN_STRICT_PROTOTYPES = YES;
				CLANG_WARN_SUSPICIOUS_MOVE = YES;
				CLANG_WARN_UNGUARDED_AVAILABILITY = YES_AGGRESSIVE;
				CLANG_WARN_UNREACHABLE_CODE = YES;
				CLANG_WARN__DUPLICATE_METHOD_MATCH = YES;
				COPY_PHASE_STRIP = NO;
				DEBUG_INFORMATION_FORMAT = "dwarf-with-dsym";
				ENABLE_NS_ASSERTIONS = NO;
				ENABLE_STRICT_OBJC_MSGSEND = YES;
				GCC_C_LANGUAGE_STANDARD = gnu11;
				GCC_NO_COMMON_BLOCKS = YES;
				GCC_WARN_64_TO_32_BIT_CONVERSION = YES;
				GCC_WARN_ABOUT_RETURN_TYPE = YES_ERROR;
				GCC_WARN_UNDECLARED_SELECTOR = YES;
				GCC_WARN_UNINITIALIZED_AUTOS = YES_AGGRESSIVE;
				GCC_WARN_UNUSED_FUNCTION = YES;
				GCC_WARN_UNUSED_VARIABLE = YES;
				IPHONEOS_DEPLOYMENT_TARGET = 15.2;
				MTL_ENABLE_DEBUG_INFO = NO;
				MTL_FAST_MATH = YES;
				SDKROOT = iphoneos;
				SWIFT_COMPILATION_MODE = wholemodule;
				SWIFT_OPTIMIZATION_LEVEL = "-O";
				VALIDATE_PRODUCT = YES;
			};
			name = Release;
		};
		52B63F72288A53A400613D33 /* Debug */ = {
			isa = XCBuildConfiguration;
			buildSettings = {
				ASSETCATALOG_COMPILER_APPICON_NAME = AppIcon;
				ASSETCATALOG_COMPILER_GLOBAL_ACCENT_COLOR_NAME = AccentColor;
				CODE_SIGN_STYLE = Automatic;
				CURRENT_PROJECT_VERSION = 1;
				DEVELOPMENT_TEAM = WKJR88SLMG;
				GENERATE_INFOPLIST_FILE = YES;
				INFOPLIST_FILE = Keys/Info.plist;
				INFOPLIST_KEY_UIApplicationSupportsIndirectInputEvents = YES;
				INFOPLIST_KEY_UILaunchStoryboardName = LaunchScreen;
				INFOPLIST_KEY_UIMainStoryboardFile = LaunchScreen;
				INFOPLIST_KEY_UISupportedInterfaceOrientations_iPad = "UIInterfaceOrientationPortrait UIInterfaceOrientationPortraitUpsideDown UIInterfaceOrientationLandscapeLeft UIInterfaceOrientationLandscapeRight";
				INFOPLIST_KEY_UISupportedInterfaceOrientations_iPhone = "UIInterfaceOrientationPortrait UIInterfaceOrientationLandscapeLeft UIInterfaceOrientationLandscapeRight";
				LD_RUNPATH_SEARCH_PATHS = (
					"$(inherited)",
					"@executable_path/Frameworks",
				);
				MARKETING_VERSION = 1.0;
				PRODUCT_BUNDLE_IDENTIFIER = John.Keys;
				PRODUCT_NAME = "$(TARGET_NAME)";
				SWIFT_EMIT_LOC_STRINGS = YES;
				SWIFT_VERSION = 5.0;
				TARGETED_DEVICE_FAMILY = "1,2";
			};
			name = Debug;
		};
		52B63F73288A53A400613D33 /* Release */ = {
			isa = XCBuildConfiguration;
			buildSettings = {
				ASSETCATALOG_COMPILER_APPICON_NAME = AppIcon;
				ASSETCATALOG_COMPILER_GLOBAL_ACCENT_COLOR_NAME = AccentColor;
				CODE_SIGN_STYLE = Automatic;
				CURRENT_PROJECT_VERSION = 1;
				DEVELOPMENT_TEAM = WKJR88SLMG;
				GENERATE_INFOPLIST_FILE = YES;
				INFOPLIST_FILE = Keys/Info.plist;
				INFOPLIST_KEY_UIApplicationSupportsIndirectInputEvents = YES;
				INFOPLIST_KEY_UILaunchStoryboardName = LaunchScreen;
				INFOPLIST_KEY_UIMainStoryboardFile = LaunchScreen;
				INFOPLIST_KEY_UISupportedInterfaceOrientations_iPad = "UIInterfaceOrientationPortrait UIInterfaceOrientationPortraitUpsideDown UIInterfaceOrientationLandscapeLeft UIInterfaceOrientationLandscapeRight";
				INFOPLIST_KEY_UISupportedInterfaceOrientations_iPhone = "UIInterfaceOrientationPortrait UIInterfaceOrientationLandscapeLeft UIInterfaceOrientationLandscapeRight";
				LD_RUNPATH_SEARCH_PATHS = (
					"$(inherited)",
					"@executable_path/Frameworks",
				);
				MARKETING_VERSION = 1.0;
				PRODUCT_BUNDLE_IDENTIFIER = John.Keys;
				PRODUCT_NAME = "$(TARGET_NAME)";
				SWIFT_EMIT_LOC_STRINGS = YES;
				SWIFT_VERSION = 5.0;
				TARGETED_DEVICE_FAMILY = "1,2";
			};
			name = Release;
		};
/* End XCBuildConfiguration section */

/* Begin XCConfigurationList section */
		52B63F58288A539D00613D33 /* Build configuration list for PBXProject "Keys" */ = {
			isa = XCConfigurationList;
			buildConfigurations = (
				52B63F6F288A53A400613D33 /* Debug */,
				52B63F70288A53A400613D33 /* Release */,
			);
			defaultConfigurationIsVisible = 0;
			defaultConfigurationName = Release;
		};
		52B63F71288A53A400613D33 /* Build configuration list for PBXNativeTarget "Keys" */ = {
			isa = XCConfigurationList;
			buildConfigurations = (
				52B63F72288A53A400613D33 /* Debug */,
				52B63F73288A53A400613D33 /* Release */,
			);
			defaultConfigurationIsVisible = 0;
			defaultConfigurationName = Release;
		};
/* End XCConfigurationList section */
	};
	rootObject = 52B63F55288A539D00613D33 /* Project object */;
}
